// !$*UTF8*$!
{
	archiveVersion = 1;
	classes = {
	};
	objectVersion = 46;
	objects = {

/* Begin PBXBuildFile section */
		9225644F1D01DF3A00CA74B9 /* AppDelegate.swift in Sources */ = {isa = PBXBuildFile; fileRef = 9225644E1D01DF3A00CA74B9 /* AppDelegate.swift */; };
		922564511D01DF3B00CA74B9 /* ViewController.swift in Sources */ = {isa = PBXBuildFile; fileRef = 922564501D01DF3A00CA74B9 /* ViewController.swift */; };
		922564541D01DF3B00CA74B9 /* Main.storyboard in Resources */ = {isa = PBXBuildFile; fileRef = 922564521D01DF3B00CA74B9 /* Main.storyboard */; };
		922564561D01DF3B00CA74B9 /* Assets.xcassets in Resources */ = {isa = PBXBuildFile; fileRef = 922564551D01DF3B00CA74B9 /* Assets.xcassets */; };
		922564591D01DF3B00CA74B9 /* LaunchScreen.storyboard in Resources */ = {isa = PBXBuildFile; fileRef = 922564571D01DF3B00CA74B9 /* LaunchScreen.storyboard */; };
/* End PBXBuildFile section */

/* Begin PBXFileReference section */
		9225644B1D01DF3A00CA74B9 /* boredom-beater.app */ = {isa = PBXFileReference; explicitFileType = wrapper.application; includeInIndex = 0; path = "boredom-beater.app"; sourceTree = BUILT_PRODUCTS_DIR; };
		9225644E1D01DF3A00CA74B9 /* AppDelegate.swift */ = {isa = PBXFileReference; lastKnownFileType = sourcecode.swift; path = AppDelegate.swift; sourceTree = "<group>"; };
		922564501D01DF3A00CA74B9 /* ViewController.swift */ = {isa = PBXFileReference; lastKnownFileType = sourcecode.swift; path = ViewController.swift; sourceTree = "<group>"; };
		922564531D01DF3B00CA74B9 /* Base */ = {isa = PBXFileReference; lastKnownFileType = file.storyboard; name = Base; path = Base.lproj/Main.storyboard; sourceTree = "<group>"; };
		922564551D01DF3B00CA74B9 /* Assets.xcassets */ = {isa = PBXFileReference; lastKnownFileType = folder.assetcatalog; path = Assets.xcassets; sourceTree = "<group>"; };
		922564581D01DF3B00CA74B9 /* Base */ = {isa = PBXFileReference; lastKnownFileType = file.storyboard; name = Base; path = Base.lproj/LaunchScreen.storyboard; sourceTree = "<group>"; };
		9225645A1D01DF3B00CA74B9 /* Info.plist */ = {isa = PBXFileReference; lastKnownFileType = text.plist.xml; path = Info.plist; sourceTree = "<group>"; };
/* End PBXFileReference section */

/* Begin PBXFrameworksBuildPhase section */
		922564481D01DF3A00CA74B9 /* Frameworks */ = {
			isa = PBXFrameworksBuildPhase;
			buildActionMask = 2147483647;
			files = (
			);
			runOnlyForDeploymentPostprocessing = 0;
		};
/* End PBXFrameworksBuildPhase section */

/* Begin PBXGroup section */
		922564421D01DF3A00CA74B9 = {
			isa = PBXGroup;
			children = (
				9225644D1D01DF3A00CA74B9 /* boredom-beater */,
				9225644C1D01DF3A00CA74B9 /* Products */,
			);
			sourceTree = "<group>";
		};
		9225644C1D01DF3A00CA74B9 /* Products */ = {
			isa = PBXGroup;
			children = (
				9225644B1D01DF3A00CA74B9 /* boredom-beater.app */,
			);
			name = Products;
			sourceTree = "<group>";
		};
		9225644D1D01DF3A00CA74B9 /* boredom-beater */ = {
			isa = PBXGroup;
			children = (
				9225644E1D01DF3A00CA74B9 /* AppDelegate.swift */,
				922564501D01DF3A00CA74B9 /* ViewController.swift */,
				922564521D01DF3B00CA74B9 /* Main.storyboard */,
				922564551D01DF3B00CA74B9 /* Assets.xcassets */,
				922564571D01DF3B00CA74B9 /* LaunchScreen.storyboard */,
				9225645A1D01DF3B00CA74B9 /* Info.plist */,
			);
			path = "boredom-beater";
			sourceTree = "<group>";
		};
/* End PBXGroup section */

/* Begin PBXNativeTarget section */
		9225644A1D01DF3A00CA74B9 /* boredom-beater */ = {
			isa = PBXNativeTarget;
			buildConfigurationList = 9225645D1D01DF3B00CA74B9 /* Build configuration list for PBXNativeTarget "boredom-beater" */;
			buildPhases = (
				922564471D01DF3A00CA74B9 /* Sources */,
				922564481D01DF3A00CA74B9 /* Frameworks */,
				922564491D01DF3A00CA74B9 /* Resources */,
			);
			buildRules = (
			);
			dependencies = (
			);
			name = "boredom-beater";
			productName = "boredom-beater";
			productReference = 9225644B1D01DF3A00CA74B9 /* boredom-beater.app */;
			productType = "com.apple.product-type.application";
		};
/* End PBXNativeTarget section */

/* Begin PBXProject section */
		922564431D01DF3A00CA74B9 /* Project object */ = {
			isa = PBXProject;
			attributes = {
				LastSwiftUpdateCheck = 0730;
				LastUpgradeCheck = 0730;
				ORGANIZATIONNAME = "Zach Larsen";
				TargetAttributes = {
					9225644A1D01DF3A00CA74B9 = {
						CreatedOnToolsVersion = 7.3.1;
					};
				};
			};
			buildConfigurationList = 922564461D01DF3A00CA74B9 /* Build configuration list for PBXProject "boredom-beater" */;
			compatibilityVersion = "Xcode 3.2";
			developmentRegion = English;
			hasScannedForEncodings = 0;
			knownRegions = (
				en,
				Base,
			);
			mainGroup = 922564421D01DF3A00CA74B9;
			productRefGroup = 9225644C1D01DF3A00CA74B9 /* Products */;
			projectDirPath = "";
			projectRoot = "";
			targets = (
				9225644A1D01DF3A00CA74B9 /* boredom-beater */,
			);
		};
/* End PBXProject section */

/* Begin PBXResourcesBuildPhase section */
		922564491D01DF3A00CA74B9 /* Resources */ = {
			isa = PBXResourcesBuildPhase;
			buildActionMask = 2147483647;
			files = (
				922564591D01DF3B00CA74B9 /* LaunchScreen.storyboard in Resources */,
				922564561D01DF3B00CA74B9 /* Assets.xcassets in Resources */,
				922564541D01DF3B00CA74B9 /* Main.storyboard in Resources */,
			);
			runOnlyForDeploymentPostprocessing = 0;
		};
/* End PBXResourcesBuildPhase section */

/* Begin PBXSourcesBuildPhase section */
		922564471D01DF3A00CA74B9 /* Sources */ = {
			isa = PBXSourcesBuildPhase;
			buildActionMask = 2147483647;
			files = (
				922564511D01DF3B00CA74B9 /* ViewController.swift in Sources */,
				9225644F1D01DF3A00CA74B9 /* AppDelegate.swift in Sources */,
			);
			runOnlyForDeploymentPostprocessing = 0;
		};
/* End PBXSourcesBuildPhase section */

/* Begin PBXVariantGroup section */
		922564521D01DF3B00CA74B9 /* Main.storyboard */ = {
			isa = PBXVariantGroup;
			children = (
				922564531D01DF3B00CA74B9 /* Base */,
			);
			name = Main.storyboard;
			sourceTree = "<group>";
		};
		922564571D01DF3B00CA74B9 /* LaunchScreen.storyboard */ = {
			isa = PBXVariantGroup;
			children = (
				922564581D01DF3B00CA74B9 /* Base */,
			);
			name = LaunchScreen.storyboard;
			sourceTree = "<group>";
		};
/* End PBXVariantGroup section */

/* Begin XCBuildConfiguration section */
		9225645B1D01DF3B00CA74B9 /* Debug */ = {
			isa = XCBuildConfiguration;
			buildSettings = {
				ALWAYS_SEARCH_USER_PATHS = NO;
				CLANG_ANALYZER_NONNULL = YES;
				CLANG_CXX_LANGUAGE_STANDARD = "gnu++0x";
				CLANG_CXX_LIBRARY = "libc++";
				CLANG_ENABLE_MODULES = YES;
				CLANG_ENABLE_OBJC_ARC = YES;
				CLANG_WARN_BOOL_CONVERSION = YES;
				CLANG_WARN_CONSTANT_CONVERSION = YES;
				CLANG_WARN_DIRECT_OBJC_ISA_USAGE = YES_ERROR;
				CLANG_WARN_EMPTY_BODY = YES;
				CLANG_WARN_ENUM_CONVERSION = YES;
				CLANG_WARN_INT_CONVERSION = YES;
				CLANG_WARN_OBJC_ROOT_CLASS = YES_ERROR;
				CLANG_WARN_UNREACHABLE_CODE = YES;
				CLANG_WARN__DUPLICATE_METHOD_MATCH = YES;
				"CODE_SIGN_IDENTITY[sdk=iphoneos*]" = "iPhone Developer";
				COPY_PHASE_STRIP = NO;
				DEBUG_INFORMATION_FORMAT = dwarf;
				ENABLE_STRICT_OBJC_MSGSEND = YES;
				ENABLE_TESTABILITY = YES;
				GCC_C_LANGUAGE_STANDARD = gnu99;
				GCC_DYNAMIC_NO_PIC = NO;
				GCC_NO_COMMON_BLOCKS = YES;
				GCC_OPTIMIZATION_LEVEL = 0;
				GCC_PREPROCESSOR_DEFINITIONS = (
					"DEBUG=1",
					"$(inherited)",
				);
				GCC_WARN_64_TO_32_BIT_CONVERSION = YES;
				GCC_WARN_ABOUT_RETURN_TYPE = YES_ERROR;
				GCC_WARN_UNDECLARED_SELECTOR = YES;
				GCC_WARN_UNINITIALIZED_AUTOS = YES_AGGRESSIVE;
				GCC_WARN_UNUSED_FUNCTION = YES;
				GCC_WARN_UNUSED_VARIABLE = YES;
				IPHONEOS_DEPLOYMENT_TARGET = 9.3;
				MTL_ENABLE_DEBUG_INFO = YES;
				ONLY_ACTIVE_ARCH = YES;
				SDKROOT = iphoneos;
				SWIFT_OPTIMIZATION_LEVEL = "-Onone";
				TARGETED_DEVICE_FAMILY = "1,2";
			};
			name = Debug;
		};
		9225645C1D01DF3B00CA74B9 /* Release */ = {
			isa = XCBuildConfiguration;
			buildSettings = {
				ALWAYS_SEARCH_USER_PATHS = NO;
				CLANG_ANALYZER_NONNULL = YES;
				CLANG_CXX_LANGUAGE_STANDARD = "gnu++0x";
				CLANG_CXX_LIBRARY = "libc++";
				CLANG_ENABLE_MODULES = YES;
				CLANG_ENABLE_OBJC_ARC = YES;
				CLANG_WARN_BOOL_CONVERSION = YES;
				CLANG_WARN_CONSTANT_CONVERSION = YES;
				CLANG_WARN_DIRECT_OBJC_ISA_USAGE = YES_ERROR;
				CLANG_WARN_EMPTY_BODY = YES;
				CLANG_WARN_ENUM_CONVERSION = YES;
				CLANG_WARN_INT_CONVERSION = YES;
				CLANG_WARN_OBJC_ROOT_CLASS = YES_ERROR;
				CLANG_WARN_UNREACHABLE_CODE = YES;
				CLANG_WARN__DUPLICATE_METHOD_MATCH = YES;
				"CODE_SIGN_IDENTITY[sdk=iphoneos*]" = "iPhone Developer";
				COPY_PHASE_STRIP = NO;
				DEBUG_INFORMATION_FORMAT = "dwarf-with-dsym";
				ENABLE_NS_ASSERTIONS = NO;
				ENABLE_STRICT_OBJC_MSGSEND = YES;
				GCC_C_LANGUAGE_STANDARD = gnu99;
				GCC_NO_COMMON_BLOCKS = YES;
				GCC_WARN_64_TO_32_BIT_CONVERSION = YES;
				GCC_WARN_ABOUT_RETURN_TYPE = YES_ERROR;
				GCC_WARN_UNDECLARED_SELECTOR = YES;
				GCC_WARN_UNINITIALIZED_AUTOS = YES_AGGRESSIVE;
				GCC_WARN_UNUSED_FUNCTION = YES;
				GCC_WARN_UNUSED_VARIABLE = YES;
				IPHONEOS_DEPLOYMENT_TARGET = 9.3;
				MTL_ENABLE_DEBUG_INFO = NO;
				SDKROOT = iphoneos;
				TARGETED_DEVICE_FAMILY = "1,2";
				VALIDATE_PRODUCT = YES;
			};
			name = Release;
		};
		9225645E1D01DF3B00CA74B9 /* Debug */ = {
			isa = XCBuildConfiguration;
			buildSettings = {
				ASSETCATALOG_COMPILER_APPICON_NAME = AppIcon;
				INFOPLIST_FILE = "boredom-beater/Info.plist";
				LD_RUNPATH_SEARCH_PATHS = "$(inherited) @executable_path/Frameworks";
				PRODUCT_BUNDLE_IDENTIFIER = "com.zachariahlarsen.boredom-beater";
				PRODUCT_NAME = "$(TARGET_NAME)";
			};
			name = Debug;
		};
		9225645F1D01DF3B00CA74B9 /* Release */ = {
			isa = XCBuildConfiguration;
			buildSettings = {
				ASSETCATALOG_COMPILER_APPICON_NAME = AppIcon;
				INFOPLIST_FILE = "boredom-beater/Info.plist";
				LD_RUNPATH_SEARCH_PATHS = "$(inherited) @executable_path/Frameworks";
				PRODUCT_BUNDLE_IDENTIFIER = "com.zachariahlarsen.boredom-beater";
				PRODUCT_NAME = "$(TARGET_NAME)";
			};
			name = Release;
		};
/* End XCBuildConfiguration section */

/* Begin XCConfigurationList section */
		922564461D01DF3A00CA74B9 /* Build configuration list for PBXProject "boredom-beater" */ = {
			isa = XCConfigurationList;
			buildConfigurations = (
				9225645B1D01DF3B00CA74B9 /* Debug */,
				9225645C1D01DF3B00CA74B9 /* Release */,
			);
			defaultConfigurationIsVisible = 0;
			defaultConfigurationName = Release;
		};
		9225645D1D01DF3B00CA74B9 /* Build configuration list for PBXNativeTarget "boredom-beater" */ = {
			isa = XCConfigurationList;
			buildConfigurations = (
				9225645E1D01DF3B00CA74B9 /* Debug */,
				9225645F1D01DF3B00CA74B9 /* Release */,
			);
			defaultConfigurationIsVisible = 0;
		};
/* End XCConfigurationList section */
	};
	rootObject = 922564431D01DF3A00CA74B9 /* Project object */;
}
